PODS:
  - background_sms (0.0.1):
    - Flutter
  - camera_avfoundation (0.0.1):
    - Flutter
  - CryptoSwift (1.6.0)
  - Flutter (1.0.0)
  - flutter_callkit_incoming (0.0.1):
    - CryptoSwift
    - Flutter
  - flutter_incoming_call (0.0.1):
    - Flutter
  - flutter_native_contact_picker (0.0.1):
    - Flutter
  - flutter_phone_direct_caller (0.0.1):
    - Flutter
  - flutter_ringtone_player (0.0.1):
    - Flutter
  - geocoding (1.0.5):
    - Flutter
  - geolocator_apple (1.2.0):
    - Flutter
  - path_provider_ios (0.0.1):
    - Flutter
  - permission_handler_apple (9.0.4):
    - Flutter
  - sensors_plus (0.0.1):
    - Flutter
  - shared_preferences_foundation (0.0.1):
    - Flutter
    - FlutterMacOS
  - url_launcher_ios (0.0.1):
    - Flutter

DEPENDENCIES:
  - background_sms (from `.symlinks/plugins/background_sms/ios`)
  - camera_avfoundation (from `.symlinks/plugins/camera_avfoundation/ios`)
  - Flutter (from `Flutter`)
  - flutter_callkit_incoming (from `.symlinks/plugins/flutter_callkit_incoming/ios`)
  - flutter_incoming_call (from `.symlinks/plugins/flutter_incoming_call/ios`)
  - flutter_native_contact_picker (from `.symlinks/plugins/flutter_native_contact_picker/ios`)
  - flutter_phone_direct_caller (from `.symlinks/plugins/flutter_phone_direct_caller/ios`)
  - flutter_ringtone_player (from `.symlinks/plugins/flutter_ringtone_player/ios`)
  - geocoding (from `.symlinks/plugins/geocoding/ios`)
  - geolocator_apple (from `.symlinks/plugins/geolocator_apple/ios`)
  - path_provider_ios (from `.symlinks/plugins/path_provider_ios/ios`)
  - permission_handler_apple (from `.symlinks/plugins/permission_handler_apple/ios`)
  - sensors_plus (from `.symlinks/plugins/sensors_plus/ios`)
  - shared_preferences_foundation (from `.symlinks/plugins/shared_preferences_foundation/ios`)
  - url_launcher_ios (from `.symlinks/plugins/url_launcher_ios/ios`)

SPEC REPOS:
  trunk:
    - CryptoSwift

EXTERNAL SOURCES:
  background_sms:
    :path: ".symlinks/plugins/background_sms/ios"
  camera_avfoundation:
    :path: ".symlinks/plugins/camera_avfoundation/ios"
  Flutter:
    :path: Flutter
  flutter_callkit_incoming:
    :path: ".symlinks/plugins/flutter_callkit_incoming/ios"
  flutter_incoming_call:
    :path: ".symlinks/plugins/flutter_incoming_call/ios"
  flutter_native_contact_picker:
    :path: ".symlinks/plugins/flutter_native_contact_picker/ios"
  flutter_phone_direct_caller:
    :path: ".symlinks/plugins/flutter_phone_direct_caller/ios"
  flutter_ringtone_player:
    :path: ".symlinks/plugins/flutter_ringtone_player/ios"
  geocoding:
    :path: ".symlinks/plugins/geocoding/ios"
  geolocator_apple:
    :path: ".symlinks/plugins/geolocator_apple/ios"
  path_provider_ios:
    :path: ".symlinks/plugins/path_provider_ios/ios"
  permission_handler_apple:
    :path: ".symlinks/plugins/permission_handler_apple/ios"
  sensors_plus:
    :path: ".symlinks/plugins/sensors_plus/ios"
  shared_preferences_foundation:
    :path: ".symlinks/plugins/shared_preferences_foundation/ios"
  url_launcher_ios:
    :path: ".symlinks/plugins/url_launcher_ios/ios"

SPEC CHECKSUMS:
  background_sms: ead2469d0ef3b811cf68bc09670c38cf80b13a6e
  camera_avfoundation: 07c77549ea54ad95d8581be86617c094a46280d9
  CryptoSwift: 562f8eceb40e80796fffc668b0cad9313284cfa6
  Flutter: f04841e97a9d0b0a8025694d0796dd46242b2854
  flutter_callkit_incoming: 417dd1b46541cdd5d855ad795ccbe97d1c18155e
  flutter_incoming_call: d0df2dcc8d98c223fc2082be72a8750a2593283f
  flutter_native_contact_picker: bd430ba0fbf82768bb50c2c52a69a65759a8f907
  flutter_phone_direct_caller: bd2ffd297f371a8a6c7bfbba0196964ffe3c4358
  flutter_ringtone_player: 15eba85187230b87b2512f0e1b92225618bc03e7
  geocoding: 32cfcdb16d38d907caaba65e2e42ad10d38bee58
  geolocator_apple: cc556e6844d508c95df1e87e3ea6fa4e58c50401
  path_provider_ios: 14f3d2fd28c4fdb42f44e0f751d12861c43cee02
  permission_handler_apple: 44366e37eaf29454a1e7b1b7d736c2cceaeb17ce
  sensors_plus: 5717760720f7e6acd96fdbd75b7428f5ad755ec2
  shared_preferences_foundation: 297b3ebca31b34ec92be11acd7fb0ba932c822ca
  url_launcher_ios: 839c58cdb4279282219f5e248c3321761ff3c4de

PODFILE CHECKSUM: c2ea1097e89f36367fec7f43e419b6d783e6b5f4

COCOAPODS: 1.11.3
